// !$*UTF8*$!
{
	archiveVersion = 1;
	classes = {
	};
	objectVersion = 46;
	objects = {

/* Begin PBXBuildFile section */
		2E1FEB201E61C079009D9444 /* AppDelegate.swift in Sources */ = {isa = PBXBuildFile; fileRef = 2E1FEB1F1E61C079009D9444 /* AppDelegate.swift */; };
		2E1FEB221E61C079009D9444 /* SignInVC.swift in Sources */ = {isa = PBXBuildFile; fileRef = 2E1FEB211E61C079009D9444 /* SignInVC.swift */; };
		2E1FEB271E61C079009D9444 /* Assets.xcassets in Resources */ = {isa = PBXBuildFile; fileRef = 2E1FEB261E61C079009D9444 /* Assets.xcassets */; };
		2E1FEB2A1E61C079009D9444 /* LaunchScreen.storyboard in Resources */ = {isa = PBXBuildFile; fileRef = 2E1FEB281E61C079009D9444 /* LaunchScreen.storyboard */; };
		2E1FEB321E61C0FD009D9444 /* GoogleService-Info.plist in Resources */ = {isa = PBXBuildFile; fileRef = 2E1FEB311E61C0FD009D9444 /* GoogleService-Info.plist */; };
		2E1FEB341E61D3B7009D9444 /* Main.storyboard in Resources */ = {isa = PBXBuildFile; fileRef = 2E1FEB331E61D3B7009D9444 /* Main.storyboard */; };
		2E1FEB3A1E61D500009D9444 /* Constants.swift in Sources */ = {isa = PBXBuildFile; fileRef = 2E1FEB391E61D500009D9444 /* Constants.swift */; };
		2E1FEB3F1E61D52E009D9444 /* FancyView.swift in Sources */ = {isa = PBXBuildFile; fileRef = 2E1FEB3B1E61D52E009D9444 /* FancyView.swift */; };
		2E1FEB401E61D52E009D9444 /* RoundBtn.swift in Sources */ = {isa = PBXBuildFile; fileRef = 2E1FEB3C1E61D52E009D9444 /* RoundBtn.swift */; };
		2E1FEB411E61D52E009D9444 /* FancyTextField.swift in Sources */ = {isa = PBXBuildFile; fileRef = 2E1FEB3D1E61D52E009D9444 /* FancyTextField.swift */; };
		2E1FEB421E61D52E009D9444 /* FancyLoginButton.swift in Sources */ = {isa = PBXBuildFile; fileRef = 2E1FEB3E1E61D52E009D9444 /* FancyLoginButton.swift */; };
		2E1FEB441E62204D009D9444 /* FeedVC.swift in Sources */ = {isa = PBXBuildFile; fileRef = 2E1FEB431E62204D009D9444 /* FeedVC.swift */; };
		2E1FEB461E623054009D9444 /* CircleView.swift in Sources */ = {isa = PBXBuildFile; fileRef = 2E1FEB451E623054009D9444 /* CircleView.swift */; };
		2E1FEB481E62476E009D9444 /* PostCell.swift in Sources */ = {isa = PBXBuildFile; fileRef = 2E1FEB471E62476E009D9444 /* PostCell.swift */; };
		2E1FEB4B1E63393A009D9444 /* DataService.swift in Sources */ = {isa = PBXBuildFile; fileRef = 2E1FEB4A1E63393A009D9444 /* DataService.swift */; };
		2E1FEB4D1E6358A2009D9444 /* Post.swift in Sources */ = {isa = PBXBuildFile; fileRef = 2E1FEB4C1E6358A2009D9444 /* Post.swift */; };
		F9CBA32F92CF3D11FD7FE062 /* Pods_Swift_Class_Social_2.framework in Frameworks */ = {isa = PBXBuildFile; fileRef = DFAB688CB5AD2A55F337825D /* Pods_Swift_Class_Social_2.framework */; };
/* End PBXBuildFile section */

/* Begin PBXFileReference section */
		247CBC9A0301A3A43C732294 /* Pods-Swift Class Social 2.release.xcconfig */ = {isa = PBXFileReference; includeInIndex = 1; lastKnownFileType = text.xcconfig; name = "Pods-Swift Class Social 2.release.xcconfig"; path = "Pods/Target Support Files/Pods-Swift Class Social 2/Pods-Swift Class Social 2.release.xcconfig"; sourceTree = "<group>"; };
		29669A1D4F2E4E3063DF9D05 /* Pods-Swift Class Social 2.debug.xcconfig */ = {isa = PBXFileReference; includeInIndex = 1; lastKnownFileType = text.xcconfig; name = "Pods-Swift Class Social 2.debug.xcconfig"; path = "Pods/Target Support Files/Pods-Swift Class Social 2/Pods-Swift Class Social 2.debug.xcconfig"; sourceTree = "<group>"; };
		2E1FEB1C1E61C079009D9444 /* Swift Class Social 2.app */ = {isa = PBXFileReference; explicitFileType = wrapper.application; includeInIndex = 0; path = "Swift Class Social 2.app"; sourceTree = BUILT_PRODUCTS_DIR; };
		2E1FEB1F1E61C079009D9444 /* AppDelegate.swift */ = {isa = PBXFileReference; lastKnownFileType = sourcecode.swift; path = AppDelegate.swift; sourceTree = "<group>"; };
		2E1FEB211E61C079009D9444 /* SignInVC.swift */ = {isa = PBXFileReference; lastKnownFileType = sourcecode.swift; path = SignInVC.swift; sourceTree = "<group>"; };
		2E1FEB261E61C079009D9444 /* Assets.xcassets */ = {isa = PBXFileReference; lastKnownFileType = folder.assetcatalog; path = Assets.xcassets; sourceTree = "<group>"; };
		2E1FEB291E61C079009D9444 /* Base */ = {isa = PBXFileReference; lastKnownFileType = file.storyboard; name = Base; path = Base.lproj/LaunchScreen.storyboard; sourceTree = "<group>"; };
		2E1FEB2B1E61C079009D9444 /* Info.plist */ = {isa = PBXFileReference; lastKnownFileType = text.plist.xml; path = Info.plist; sourceTree = "<group>"; };
		2E1FEB311E61C0FD009D9444 /* GoogleService-Info.plist */ = {isa = PBXFileReference; fileEncoding = 4; lastKnownFileType = text.plist.xml; name = "GoogleService-Info.plist"; path = "../../../../../Downloads/GoogleService-Info.plist"; sourceTree = "<group>"; };
		2E1FEB331E61D3B7009D9444 /* Main.storyboard */ = {isa = PBXFileReference; fileEncoding = 4; lastKnownFileType = file.storyboard; path = Main.storyboard; sourceTree = "<group>"; };
		2E1FEB391E61D500009D9444 /* Constants.swift */ = {isa = PBXFileReference; fileEncoding = 4; lastKnownFileType = sourcecode.swift; path = Constants.swift; sourceTree = "<group>"; };
		2E1FEB3B1E61D52E009D9444 /* FancyView.swift */ = {isa = PBXFileReference; fileEncoding = 4; lastKnownFileType = sourcecode.swift; path = FancyView.swift; sourceTree = "<group>"; };
		2E1FEB3C1E61D52E009D9444 /* RoundBtn.swift */ = {isa = PBXFileReference; fileEncoding = 4; lastKnownFileType = sourcecode.swift; path = RoundBtn.swift; sourceTree = "<group>"; };
		2E1FEB3D1E61D52E009D9444 /* FancyTextField.swift */ = {isa = PBXFileReference; fileEncoding = 4; lastKnownFileType = sourcecode.swift; path = FancyTextField.swift; sourceTree = "<group>"; };
		2E1FEB3E1E61D52E009D9444 /* FancyLoginButton.swift */ = {isa = PBXFileReference; fileEncoding = 4; lastKnownFileType = sourcecode.swift; path = FancyLoginButton.swift; sourceTree = "<group>"; };
		2E1FEB431E62204D009D9444 /* FeedVC.swift */ = {isa = PBXFileReference; fileEncoding = 4; lastKnownFileType = sourcecode.swift; path = FeedVC.swift; sourceTree = "<group>"; };
		2E1FEB451E623054009D9444 /* CircleView.swift */ = {isa = PBXFileReference; fileEncoding = 4; lastKnownFileType = sourcecode.swift; path = CircleView.swift; sourceTree = "<group>"; };
		2E1FEB471E62476E009D9444 /* PostCell.swift */ = {isa = PBXFileReference; fileEncoding = 4; lastKnownFileType = sourcecode.swift; path = PostCell.swift; sourceTree = "<group>"; };
		2E1FEB4A1E63393A009D9444 /* DataService.swift */ = {isa = PBXFileReference; fileEncoding = 4; lastKnownFileType = sourcecode.swift; path = DataService.swift; sourceTree = "<group>"; };
		2E1FEB4C1E6358A2009D9444 /* Post.swift */ = {isa = PBXFileReference; fileEncoding = 4; lastKnownFileType = sourcecode.swift; path = Post.swift; sourceTree = "<group>"; };
		DFAB688CB5AD2A55F337825D /* Pods_Swift_Class_Social_2.framework */ = {isa = PBXFileReference; explicitFileType = wrapper.framework; includeInIndex = 0; path = Pods_Swift_Class_Social_2.framework; sourceTree = BUILT_PRODUCTS_DIR; };
/* End PBXFileReference section */

/* Begin PBXFrameworksBuildPhase section */
		2E1FEB191E61C079009D9444 /* Frameworks */ = {
			isa = PBXFrameworksBuildPhase;
			buildActionMask = 2147483647;
			files = (
				F9CBA32F92CF3D11FD7FE062 /* Pods_Swift_Class_Social_2.framework in Frameworks */,
			);
			runOnlyForDeploymentPostprocessing = 0;
		};
/* End PBXFrameworksBuildPhase section */

/* Begin PBXGroup section */
		2E1FEB131E61C079009D9444 = {
			isa = PBXGroup;
			children = (
				2E1FEB1E1E61C079009D9444 /* Swift Class Social 2 */,
				2E1FEB1D1E61C079009D9444 /* Products */,
				F289AFAE5BC9CFDE48429CCD /* Pods */,
				2F191E11E0ED5DADE36896CE /* Frameworks */,
			);
			sourceTree = "<group>";
		};
		2E1FEB1D1E61C079009D9444 /* Products */ = {
			isa = PBXGroup;
			children = (
				2E1FEB1C1E61C079009D9444 /* Swift Class Social 2.app */,
			);
			name = Products;
			sourceTree = "<group>";
		};
		2E1FEB1E1E61C079009D9444 /* Swift Class Social 2 */ = {
			isa = PBXGroup;
			children = (
				2E1FEB491E63391E009D9444 /* Services */,
				2E1FEB361E61D4C4009D9444 /* Model */,
				2E1FEB371E61D4C9009D9444 /* View */,
				2E1FEB381E61D4CF009D9444 /* Controller */,
				2E1FEB351E61D4BC009D9444 /* Util */,
				2E1FEB1F1E61C079009D9444 /* AppDelegate.swift */,
				2E1FEB331E61D3B7009D9444 /* Main.storyboard */,
				2E1FEB261E61C079009D9444 /* Assets.xcassets */,
				2E1FEB281E61C079009D9444 /* LaunchScreen.storyboard */,
				2E1FEB2B1E61C079009D9444 /* Info.plist */,
				2E1FEB311E61C0FD009D9444 /* GoogleService-Info.plist */,
			);
			path = "Swift Class Social 2";
			sourceTree = "<group>";
		};
		2E1FEB351E61D4BC009D9444 /* Util */ = {
			isa = PBXGroup;
			children = (
				2E1FEB391E61D500009D9444 /* Constants.swift */,
			);
			name = Util;
			sourceTree = "<group>";
		};
		2E1FEB361E61D4C4009D9444 /* Model */ = {
			isa = PBXGroup;
			children = (
				2E1FEB4C1E6358A2009D9444 /* Post.swift */,
			);
			name = Model;
			sourceTree = "<group>";
		};
		2E1FEB371E61D4C9009D9444 /* View */ = {
			isa = PBXGroup;
			children = (
				2E1FEB3B1E61D52E009D9444 /* FancyView.swift */,
				2E1FEB3C1E61D52E009D9444 /* RoundBtn.swift */,
				2E1FEB3D1E61D52E009D9444 /* FancyTextField.swift */,
				2E1FEB3E1E61D52E009D9444 /* FancyLoginButton.swift */,
				2E1FEB451E623054009D9444 /* CircleView.swift */,
				2E1FEB471E62476E009D9444 /* PostCell.swift */,
			);
			name = View;
			sourceTree = "<group>";
		};
		2E1FEB381E61D4CF009D9444 /* Controller */ = {
			isa = PBXGroup;
			children = (
				2E1FEB211E61C079009D9444 /* SignInVC.swift */,
				2E1FEB431E62204D009D9444 /* FeedVC.swift */,
			);
			name = Controller;
			sourceTree = "<group>";
		};
		2E1FEB491E63391E009D9444 /* Services */ = {
			isa = PBXGroup;
			children = (
				2E1FEB4A1E63393A009D9444 /* DataService.swift */,
			);
			name = Services;
			sourceTree = "<group>";
		};
		2F191E11E0ED5DADE36896CE /* Frameworks */ = {
			isa = PBXGroup;
			children = (
				DFAB688CB5AD2A55F337825D /* Pods_Swift_Class_Social_2.framework */,
			);
			name = Frameworks;
			sourceTree = "<group>";
		};
		F289AFAE5BC9CFDE48429CCD /* Pods */ = {
			isa = PBXGroup;
			children = (
				29669A1D4F2E4E3063DF9D05 /* Pods-Swift Class Social 2.debug.xcconfig */,
				247CBC9A0301A3A43C732294 /* Pods-Swift Class Social 2.release.xcconfig */,
			);
			name = Pods;
			sourceTree = "<group>";
		};
/* End PBXGroup section */

/* Begin PBXNativeTarget section */
		2E1FEB1B1E61C079009D9444 /* Swift Class Social 2 */ = {
			isa = PBXNativeTarget;
			buildConfigurationList = 2E1FEB2E1E61C079009D9444 /* Build configuration list for PBXNativeTarget "Swift Class Social 2" */;
			buildPhases = (
				B823350104EA2FEA8A5533C8 /* [CP] Check Pods Manifest.lock */,
				2E1FEB181E61C079009D9444 /* Sources */,
				2E1FEB191E61C079009D9444 /* Frameworks */,
				2E1FEB1A1E61C079009D9444 /* Resources */,
				61549407BCEFE93804BC498A /* [CP] Embed Pods Frameworks */,
				88B8AE7A1BC3568012C24F92 /* [CP] Copy Pods Resources */,
			);
			buildRules = (
			);
			dependencies = (
			);
			name = "Swift Class Social 2";
			productName = "Swift Class Social 2";
			productReference = 2E1FEB1C1E61C079009D9444 /* Swift Class Social 2.app */;
			productType = "com.apple.product-type.application";
		};
/* End PBXNativeTarget section */

/* Begin PBXProject section */
		2E1FEB141E61C079009D9444 /* Project object */ = {
			isa = PBXProject;
			attributes = {
				LastSwiftUpdateCheck = 0820;
				LastUpgradeCheck = 0820;
				ORGANIZATIONNAME = "Isaac Prunty";
				TargetAttributes = {
					2E1FEB1B1E61C079009D9444 = {
						CreatedOnToolsVersion = 8.2.1;
						DevelopmentTeam = 98ZKU6UNYX;
						ProvisioningStyle = Automatic;
					};
				};
			};
			buildConfigurationList = 2E1FEB171E61C079009D9444 /* Build configuration list for PBXProject "Swift Class Social 2" */;
			compatibilityVersion = "Xcode 3.2";
			developmentRegion = English;
			hasScannedForEncodings = 0;
			knownRegions = (
				en,
				Base,
			);
			mainGroup = 2E1FEB131E61C079009D9444;
			productRefGroup = 2E1FEB1D1E61C079009D9444 /* Products */;
			projectDirPath = "";
			projectRoot = "";
			targets = (
				2E1FEB1B1E61C079009D9444 /* Swift Class Social 2 */,
			);
		};
/* End PBXProject section */

/* Begin PBXResourcesBuildPhase section */
		2E1FEB1A1E61C079009D9444 /* Resources */ = {
			isa = PBXResourcesBuildPhase;
			buildActionMask = 2147483647;
			files = (
				2E1FEB2A1E61C079009D9444 /* LaunchScreen.storyboard in Resources */,
				2E1FEB321E61C0FD009D9444 /* GoogleService-Info.plist in Resources */,
				2E1FEB271E61C079009D9444 /* Assets.xcassets in Resources */,
				2E1FEB341E61D3B7009D9444 /* Main.storyboard in Resources */,
			);
			runOnlyForDeploymentPostprocessing = 0;
		};
/* End PBXResourcesBuildPhase section */

/* Begin PBXShellScriptBuildPhase section */
		61549407BCEFE93804BC498A /* [CP] Embed Pods Frameworks */ = {
			isa = PBXShellScriptBuildPhase;
			buildActionMask = 2147483647;
			files = (
			);
			inputPaths = (
			);
			name = "[CP] Embed Pods Frameworks";
			outputPaths = (
			);
			runOnlyForDeploymentPostprocessing = 0;
			shellPath = /bin/sh;
			shellScript = "\"${SRCROOT}/Pods/Target Support Files/Pods-Swift Class Social 2/Pods-Swift Class Social 2-frameworks.sh\"\n";
			showEnvVarsInLog = 0;
		};
		88B8AE7A1BC3568012C24F92 /* [CP] Copy Pods Resources */ = {
			isa = PBXShellScriptBuildPhase;
			buildActionMask = 2147483647;
			files = (
			);
			inputPaths = (
			);
			name = "[CP] Copy Pods Resources";
			outputPaths = (
			);
			runOnlyForDeploymentPostprocessing = 0;
			shellPath = /bin/sh;
			shellScript = "\"${SRCROOT}/Pods/Target Support Files/Pods-Swift Class Social 2/Pods-Swift Class Social 2-resources.sh\"\n";
			showEnvVarsInLog = 0;
		};
		B823350104EA2FEA8A5533C8 /* [CP] Check Pods Manifest.lock */ = {
			isa = PBXShellScriptBuildPhase;
			buildActionMask = 2147483647;
			files = (
			);
			inputPaths = (
			);
			name = "[CP] Check Pods Manifest.lock";
			outputPaths = (
			);
			runOnlyForDeploymentPostprocessing = 0;
			shellPath = /bin/sh;
			shellScript = "diff \"${PODS_ROOT}/../Podfile.lock\" \"${PODS_ROOT}/Manifest.lock\" > /dev/null\nif [ $? != 0 ] ; then\n    # print error to STDERR\n    echo \"error: The sandbox is not in sync with the Podfile.lock. Run 'pod install' or update your CocoaPods installation.\" >&2\n    exit 1\nfi\n";
			showEnvVarsInLog = 0;
		};
/* End PBXShellScriptBuildPhase section */

/* Begin PBXSourcesBuildPhase section */
		2E1FEB181E61C079009D9444 /* Sources */ = {
			isa = PBXSourcesBuildPhase;
			buildActionMask = 2147483647;
			files = (
				2E1FEB461E623054009D9444 /* CircleView.swift in Sources */,
				2E1FEB221E61C079009D9444 /* SignInVC.swift in Sources */,
				2E1FEB401E61D52E009D9444 /* RoundBtn.swift in Sources */,
				2E1FEB4D1E6358A2009D9444 /* Post.swift in Sources */,
				2E1FEB3F1E61D52E009D9444 /* FancyView.swift in Sources */,
				2E1FEB411E61D52E009D9444 /* FancyTextField.swift in Sources */,
				2E1FEB4B1E63393A009D9444 /* DataService.swift in Sources */,
				2E1FEB441E62204D009D9444 /* FeedVC.swift in Sources */,
				2E1FEB421E61D52E009D9444 /* FancyLoginButton.swift in Sources */,
				2E1FEB201E61C079009D9444 /* AppDelegate.swift in Sources */,
				2E1FEB3A1E61D500009D9444 /* Constants.swift in Sources */,
				2E1FEB481E62476E009D9444 /* PostCell.swift in Sources */,
			);
			runOnlyForDeploymentPostprocessing = 0;
		};
/* End PBXSourcesBuildPhase section */

/* Begin PBXVariantGroup section */
		2E1FEB281E61C079009D9444 /* LaunchScreen.storyboard */ = {
			isa = PBXVariantGroup;
			children = (
				2E1FEB291E61C079009D9444 /* Base */,
			);
			name = LaunchScreen.storyboard;
			sourceTree = "<group>";
		};
/* End PBXVariantGroup section */

/* Begin XCBuildConfiguration section */
		2E1FEB2C1E61C079009D9444 /* Debug */ = {
			isa = XCBuildConfiguration;
			buildSettings = {
				ALWAYS_SEARCH_USER_PATHS = NO;
				CLANG_ANALYZER_NONNULL = YES;
				CLANG_CXX_LANGUAGE_STANDARD = "gnu++0x";
				CLANG_CXX_LIBRARY = "libc++";
				CLANG_ENABLE_MODULES = YES;
				CLANG_ENABLE_OBJC_ARC = YES;
				CLANG_WARN_BOOL_CONVERSION = YES;
				CLANG_WARN_CONSTANT_CONVERSION = YES;
				CLANG_WARN_DIRECT_OBJC_ISA_USAGE = YES_ERROR;
				CLANG_WARN_DOCUMENTATION_COMMENTS = YES;
				CLANG_WARN_EMPTY_BODY = YES;
				CLANG_WARN_ENUM_CONVERSION = YES;
				CLANG_WARN_INFINITE_RECURSION = YES;
				CLANG_WARN_INT_CONVERSION = YES;
				CLANG_WARN_OBJC_ROOT_CLASS = YES_ERROR;
				CLANG_WARN_SUSPICIOUS_MOVE = YES;
				CLANG_WARN_UNREACHABLE_CODE = YES;
				CLANG_WARN__DUPLICATE_METHOD_MATCH = YES;
				"CODE_SIGN_IDENTITY[sdk=iphoneos*]" = "iPhone Developer";
				COPY_PHASE_STRIP = NO;
				DEBUG_INFORMATION_FORMAT = dwarf;
				ENABLE_STRICT_OBJC_MSGSEND = YES;
				ENABLE_TESTABILITY = YES;
				GCC_C_LANGUAGE_STANDARD = gnu99;
				GCC_DYNAMIC_NO_PIC = NO;
				GCC_NO_COMMON_BLOCKS = YES;
				GCC_OPTIMIZATION_LEVEL = 0;
				GCC_PREPROCESSOR_DEFINITIONS = (
					"DEBUG=1",
					"$(inherited)",
				);
				GCC_WARN_64_TO_32_BIT_CONVERSION = YES;
				GCC_WARN_ABOUT_RETURN_TYPE = YES_ERROR;
				GCC_WARN_UNDECLARED_SELECTOR = YES;
				GCC_WARN_UNINITIALIZED_AUTOS = YES_AGGRESSIVE;
				GCC_WARN_UNUSED_FUNCTION = YES;
				GCC_WARN_UNUSED_VARIABLE = YES;
				IPHONEOS_DEPLOYMENT_TARGET = 10.2;
				MTL_ENABLE_DEBUG_INFO = YES;
				ONLY_ACTIVE_ARCH = YES;
				SDKROOT = iphoneos;
				SWIFT_ACTIVE_COMPILATION_CONDITIONS = DEBUG;
				SWIFT_OPTIMIZATION_LEVEL = "-Onone";
				TARGETED_DEVICE_FAMILY = "1,2";
			};
			name = Debug;
		};
		2E1FEB2D1E61C079009D9444 /* Release */ = {
			isa = XCBuildConfiguration;
			buildSettings = {
				ALWAYS_SEARCH_USER_PATHS = NO;
				CLANG_ANALYZER_NONNULL = YES;
				CLANG_CXX_LANGUAGE_STANDARD = "gnu++0x";
				CLANG_CXX_LIBRARY = "libc++";
				CLANG_ENABLE_MODULES = YES;
				CLANG_ENABLE_OBJC_ARC = YES;
				CLANG_WARN_BOOL_CONVERSION = YES;
				CLANG_WARN_CONSTANT_CONVERSION = YES;
				CLANG_WARN_DIRECT_OBJC_ISA_USAGE = YES_ERROR;
				CLANG_WARN_DOCUMENTATION_COMMENTS = YES;
				CLANG_WARN_EMPTY_BODY = YES;
				CLANG_WARN_ENUM_CONVERSION = YES;
				CLANG_WARN_INFINITE_RECURSION = YES;
				CLANG_WARN_INT_CONVERSION = YES;
				CLANG_WARN_OBJC_ROOT_CLASS = YES_ERROR;
				CLANG_WARN_SUSPICIOUS_MOVE = YES;
				CLANG_WARN_UNREACHABLE_CODE = YES;
				CLANG_WARN__DUPLICATE_METHOD_MATCH = YES;
				"CODE_SIGN_IDENTITY[sdk=iphoneos*]" = "iPhone Developer";
				COPY_PHASE_STRIP = NO;
				DEBUG_INFORMATION_FORMAT = "dwarf-with-dsym";
				ENABLE_NS_ASSERTIONS = NO;
				ENABLE_STRICT_OBJC_MSGSEND = YES;
				GCC_C_LANGUAGE_STANDARD = gnu99;
				GCC_NO_COMMON_BLOCKS = YES;
				GCC_WARN_64_TO_32_BIT_CONVERSION = YES;
				GCC_WARN_ABOUT_RETURN_TYPE = YES_ERROR;
				GCC_WARN_UNDECLARED_SELECTOR = YES;
				GCC_WARN_UNINITIALIZED_AUTOS = YES_AGGRESSIVE;
				GCC_WARN_UNUSED_FUNCTION = YES;
				GCC_WARN_UNUSED_VARIABLE = YES;
				IPHONEOS_DEPLOYMENT_TARGET = 10.2;
				MTL_ENABLE_DEBUG_INFO = NO;
				SDKROOT = iphoneos;
				SWIFT_OPTIMIZATION_LEVEL = "-Owholemodule";
				TARGETED_DEVICE_FAMILY = "1,2";
				VALIDATE_PRODUCT = YES;
			};
			name = Release;
		};
		2E1FEB2F1E61C079009D9444 /* Debug */ = {
			isa = XCBuildConfiguration;
			baseConfigurationReference = 29669A1D4F2E4E3063DF9D05 /* Pods-Swift Class Social 2.debug.xcconfig */;
			buildSettings = {
				ASSETCATALOG_COMPILER_APPICON_NAME = AppIcon;
				DEVELOPMENT_TEAM = 98ZKU6UNYX;
				INFOPLIST_FILE = "Swift Class Social 2/Info.plist";
				LD_RUNPATH_SEARCH_PATHS = "$(inherited) @executable_path/Frameworks";
				PRODUCT_BUNDLE_IDENTIFIER = "com.lifelearnerisaac.Swift-Class-Social-2";
				PRODUCT_NAME = "$(TARGET_NAME)";
				SWIFT_VERSION = 3.0;
			};
			name = Debug;
		};
		2E1FEB301E61C079009D9444 /* Release */ = {
			isa = XCBuildConfiguration;
			baseConfigurationReference = 247CBC9A0301A3A43C732294 /* Pods-Swift Class Social 2.release.xcconfig */;
			buildSettings = {
				ASSETCATALOG_COMPILER_APPICON_NAME = AppIcon;
				DEVELOPMENT_TEAM = 98ZKU6UNYX;
				INFOPLIST_FILE = "Swift Class Social 2/Info.plist";
				LD_RUNPATH_SEARCH_PATHS = "$(inherited) @executable_path/Frameworks";
				PRODUCT_BUNDLE_IDENTIFIER = "com.lifelearnerisaac.Swift-Class-Social-2";
				PRODUCT_NAME = "$(TARGET_NAME)";
				SWIFT_VERSION = 3.0;
			};
			name = Release;
		};
/* End XCBuildConfiguration section */

/* Begin XCConfigurationList section */
		2E1FEB171E61C079009D9444 /* Build configuration list for PBXProject "Swift Class Social 2" */ = {
			isa = XCConfigurationList;
			buildConfigurations = (
				2E1FEB2C1E61C079009D9444 /* Debug */,
				2E1FEB2D1E61C079009D9444 /* Release */,
			);
			defaultConfigurationIsVisible = 0;
			defaultConfigurationName = Release;
		};
		2E1FEB2E1E61C079009D9444 /* Build configuration list for PBXNativeTarget "Swift Class Social 2" */ = {
			isa = XCConfigurationList;
			buildConfigurations = (
				2E1FEB2F1E61C079009D9444 /* Debug */,
				2E1FEB301E61C079009D9444 /* Release */,
			);
			defaultConfigurationIsVisible = 0;
			defaultConfigurationName = Release;
		};
/* End XCConfigurationList section */
	};
	rootObject = 2E1FEB141E61C079009D9444 /* Project object */;
}
